{
    "_meta": {
        "hash": {
            "sha256": "53ebb77de1d4627ed575c0fd4eccb908aa12b548b2b1bf4d25b65c63147fad2e"
        },
        "pipfile-spec": 6,
        "requires": {
            "python_version": "3.6"
        },
        "sources": [
            {
                "name": "pypi",
                "url": "https://pypi.org/simple",
                "verify_ssl": true
            }
        ]
    },
    "default": {
        "notifications": {
            "hashes": [
                "sha256:6df9b35e82a4565158c97298194ab254b11583186c02f62dbd7c31dd3ba33faf"
            ],
            "index": "pypi",
            "version": "==0.3.2"
        }
    },
    "develop": {}
}
